// !$*UTF8*$!
{
	archiveVersion = 1;
	classes = {
	};
	objectVersion = 46;
	objects = {

/* Begin PBXBuildFile section */
		0A3DA65B147E3D9700143ADF /* UIKit.framework in Frameworks */ = {isa = PBXBuildFile; fileRef = 0A3DA65A147E3D9700143ADF /* UIKit.framework */; };
		0A3DA65D147E3D9700143ADF /* Foundation.framework in Frameworks */ = {isa = PBXBuildFile; fileRef = 0A3DA65C147E3D9700143ADF /* Foundation.framework */; };
		0A3DA65F147E3D9700143ADF /* CoreGraphics.framework in Frameworks */ = {isa = PBXBuildFile; fileRef = 0A3DA65E147E3D9700143ADF /* CoreGraphics.framework */; };
		0A3DA66B147E3D9700143ADF /* AppDelegate.m in Sources */ = {isa = PBXBuildFile; fileRef = 0A3DA66A147E3D9700143ADF /* AppDelegate.m */; };
		0A3DA66E147E3D9700143ADF /* ViewController.m in Sources */ = {isa = PBXBuildFile; fileRef = 0A3DA66D147E3D9700143ADF /* ViewController.m */; };
		0A3DA68D147E53B700143ADF /* QuartzCore.framework in Frameworks */ = {isa = PBXBuildFile; fileRef = 0A3DA68C147E53B700143ADF /* QuartzCore.framework */; };
		EA4BF4731881BA71002CB644 /* shadowOverlay@2x.png in Resources */ = {isa = PBXBuildFile; fileRef = EA4BF4701881BA71002CB644 /* shadowOverlay@2x.png */; };
		EA4BF4741881BA71002CB644 /* stretchableGlass@2x.png in Resources */ = {isa = PBXBuildFile; fileRef = EA4BF4711881BA71002CB644 /* stretchableGlass@2x.png */; };
		EA4BF4751881BA71002CB644 /* wheelBackground@2x.png in Resources */ = {isa = PBXBuildFile; fileRef = EA4BF4721881BA71002CB644 /* wheelBackground@2x.png */; };
		EA5013431516D23C00917CFA /* CPPickerViewCell.m in Sources */ = {isa = PBXBuildFile; fileRef = EA5013411516D23C00917CFA /* CPPickerViewCell.m */; };
		EA58F3411881B91E00204A7E /* ViewController.xib in Resources */ = {isa = PBXBuildFile; fileRef = 0A3DA66F147E3D9700143ADF /* ViewController.xib */; };
		EA58F3421881B91E00204A7E /* TableViewController.xib in Resources */ = {isa = PBXBuildFile; fileRef = EA5C7F8F1516717B0062E922 /* TableViewController.xib */; };
		EA58F3431881B91E00204A7E /* InfoPlist.strings in Resources */ = {isa = PBXBuildFile; fileRef = 0A3DA663147E3D9700143ADF /* InfoPlist.strings */; };
		EA5C7F901516717B0062E922 /* TableViewController.m in Sources */ = {isa = PBXBuildFile; fileRef = EA5C7F8E1516717B0062E922 /* TableViewController.m */; };
		EA6B58B31793166400455D55 /* CPPickerView.m in Sources */ = {isa = PBXBuildFile; fileRef = EA6B58B217930C8500455D55 /* CPPickerView.m */; };
		EA6B58B41793168E00455D55 /* main.m in Sources */ = {isa = PBXBuildFile; fileRef = 0A3DA666147E3D9700143ADF /* main.m */; };
/* End PBXBuildFile section */

/* Begin PBXFileReference section */
		0A3DA656147E3D9700143ADF /* CPPickerViewDemo.app */ = {isa = PBXFileReference; explicitFileType = wrapper.application; includeInIndex = 0; path = CPPickerViewDemo.app; sourceTree = BUILT_PRODUCTS_DIR; };
		0A3DA65A147E3D9700143ADF /* UIKit.framework */ = {isa = PBXFileReference; lastKnownFileType = wrapper.framework; name = UIKit.framework; path = System/Library/Frameworks/UIKit.framework; sourceTree = SDKROOT; };
		0A3DA65C147E3D9700143ADF /* Foundation.framework */ = {isa = PBXFileReference; lastKnownFileType = wrapper.framework; name = Foundation.framework; path = System/Library/Frameworks/Foundation.framework; sourceTree = SDKROOT; };
		0A3DA65E147E3D9700143ADF /* CoreGraphics.framework */ = {isa = PBXFileReference; lastKnownFileType = wrapper.framework; name = CoreGraphics.framework; path = System/Library/Frameworks/CoreGraphics.framework; sourceTree = SDKROOT; };
		0A3DA662147E3D9700143ADF /* CPPickerViewDemo-Info.plist */ = {isa = PBXFileReference; lastKnownFileType = text.plist.xml; name = "CPPickerViewDemo-Info.plist"; path = "../CPPickerViewDemo/CPPickerViewDemo-Info.plist"; sourceTree = "<group>"; };
		0A3DA664147E3D9700143ADF /* en */ = {isa = PBXFileReference; lastKnownFileType = text.plist.strings; name = en; path = en.lproj/InfoPlist.strings; sourceTree = "<group>"; };
		0A3DA666147E3D9700143ADF /* main.m */ = {isa = PBXFileReference; lastKnownFileType = sourcecode.c.objc; name = main.m; path = ../CPPickerViewDemo/main.m; sourceTree = "<group>"; };
		0A3DA668147E3D9700143ADF /* CPPickerViewDemo-Prefix.pch */ = {isa = PBXFileReference; lastKnownFileType = sourcecode.c.h; name = "CPPickerViewDemo-Prefix.pch"; path = "../CPPickerViewDemo/CPPickerViewDemo-Prefix.pch"; sourceTree = "<group>"; };
		0A3DA669147E3D9700143ADF /* AppDelegate.h */ = {isa = PBXFileReference; lastKnownFileType = sourcecode.c.h; name = AppDelegate.h; path = ../CPPickerViewDemo/AppDelegate.h; sourceTree = "<group>"; };
		0A3DA66A147E3D9700143ADF /* AppDelegate.m */ = {isa = PBXFileReference; lastKnownFileType = sourcecode.c.objc; name = AppDelegate.m; path = ../CPPickerViewDemo/AppDelegate.m; sourceTree = "<group>"; };
		0A3DA66C147E3D9700143ADF /* ViewController.h */ = {isa = PBXFileReference; lastKnownFileType = sourcecode.c.h; name = ViewController.h; path = ../CPPickerViewDemo/ViewController.h; sourceTree = "<group>"; };
		0A3DA66D147E3D9700143ADF /* ViewController.m */ = {isa = PBXFileReference; lastKnownFileType = sourcecode.c.objc; name = ViewController.m; path = ../CPPickerViewDemo/ViewController.m; sourceTree = "<group>"; };
		0A3DA670147E3D9700143ADF /* en */ = {isa = PBXFileReference; lastKnownFileType = file.xib; name = en; path = en.lproj/ViewController.xib; sourceTree = "<group>"; };
		0A3DA68C147E53B700143ADF /* QuartzCore.framework */ = {isa = PBXFileReference; lastKnownFileType = wrapper.framework; name = QuartzCore.framework; path = System/Library/Frameworks/QuartzCore.framework; sourceTree = SDKROOT; };
		EA4BF4701881BA71002CB644 /* shadowOverlay@2x.png */ = {isa = PBXFileReference; lastKnownFileType = image.png; name = "shadowOverlay@2x.png"; path = "Resources/shadowOverlay@2x.png"; sourceTree = SOURCE_ROOT; };
		EA4BF4711881BA71002CB644 /* stretchableGlass@2x.png */ = {isa = PBXFileReference; lastKnownFileType = image.png; name = "stretchableGlass@2x.png"; path = "Resources/stretchableGlass@2x.png"; sourceTree = SOURCE_ROOT; };
		EA4BF4721881BA71002CB644 /* wheelBackground@2x.png */ = {isa = PBXFileReference; lastKnownFileType = image.png; name = "wheelBackground@2x.png"; path = "Resources/wheelBackground@2x.png"; sourceTree = SOURCE_ROOT; };
		EA50133E1516D23C00917CFA /* CPPickerView.h */ = {isa = PBXFileReference; fileEncoding = 4; lastKnownFileType = sourcecode.c.h; name = CPPickerView.h; path = CPPickerView/CPPickerView.h; sourceTree = SOURCE_ROOT; };
		EA5013401516D23C00917CFA /* CPPickerViewCell.h */ = {isa = PBXFileReference; fileEncoding = 4; lastKnownFileType = sourcecode.c.h; name = CPPickerViewCell.h; path = CPPickerView/CPPickerViewCell.h; sourceTree = SOURCE_ROOT; };
		EA5013411516D23C00917CFA /* CPPickerViewCell.m */ = {isa = PBXFileReference; fileEncoding = 4; lastKnownFileType = sourcecode.c.objc; name = CPPickerViewCell.m; path = CPPickerView/CPPickerViewCell.m; sourceTree = SOURCE_ROOT; };
		EA5C7F8D1516717B0062E922 /* TableViewController.h */ = {isa = PBXFileReference; fileEncoding = 4; lastKnownFileType = sourcecode.c.h; name = TableViewController.h; path = ../CPPickerViewDemo/TableViewController.h; sourceTree = "<group>"; };
		EA5C7F8E1516717B0062E922 /* TableViewController.m */ = {isa = PBXFileReference; fileEncoding = 4; lastKnownFileType = sourcecode.c.objc; name = TableViewController.m; path = ../CPPickerViewDemo/TableViewController.m; sourceTree = "<group>"; };
		EA5C7F8F1516717B0062E922 /* TableViewController.xib */ = {isa = PBXFileReference; fileEncoding = 4; lastKnownFileType = file.xib; name = TableViewController.xib; path = ../CPPickerViewDemo/TableViewController.xib; sourceTree = "<group>"; };
		EA6B58B217930C8500455D55 /* CPPickerView.m */ = {isa = PBXFileReference; lastKnownFileType = sourcecode.c.objc; name = CPPickerView.m; path = CPPickerView/CPPickerView.m; sourceTree = SOURCE_ROOT; };
/* End PBXFileReference section */

/* Begin PBXFrameworksBuildPhase section */
		0A3DA653147E3D9700143ADF /* Frameworks */ = {
			isa = PBXFrameworksBuildPhase;
			buildActionMask = 2147483647;
			files = (
				0A3DA65B147E3D9700143ADF /* UIKit.framework in Frameworks */,
				0A3DA65D147E3D9700143ADF /* Foundation.framework in Frameworks */,
				0A3DA65F147E3D9700143ADF /* CoreGraphics.framework in Frameworks */,
				0A3DA68D147E53B700143ADF /* QuartzCore.framework in Frameworks */,
			);
			runOnlyForDeploymentPostprocessing = 0;
		};
/* End PBXFrameworksBuildPhase section */

/* Begin PBXGroup section */
		0A3DA64B147E3D9700143ADF = {
			isa = PBXGroup;
			children = (
				0A3DA677147E3DAB00143ADF /* CPPickerView */,
				0A3DA660147E3D9700143ADF /* CPPickerViewDemo */,
				0A3DA659147E3D9700143ADF /* Frameworks */,
				0A3DA657147E3D9700143ADF /* Products */,
			);
			sourceTree = "<group>";
		};
		0A3DA657147E3D9700143ADF /* Products */ = {
			isa = PBXGroup;
			children = (
				0A3DA656147E3D9700143ADF /* CPPickerViewDemo.app */,
			);
			name = Products;
			sourceTree = "<group>";
		};
		0A3DA659147E3D9700143ADF /* Frameworks */ = {
			isa = PBXGroup;
			children = (
				0A3DA68C147E53B700143ADF /* QuartzCore.framework */,
				0A3DA65A147E3D9700143ADF /* UIKit.framework */,
				0A3DA65C147E3D9700143ADF /* Foundation.framework */,
				0A3DA65E147E3D9700143ADF /* CoreGraphics.framework */,
			);
			name = Frameworks;
			sourceTree = "<group>";
		};
		0A3DA660147E3D9700143ADF /* CPPickerViewDemo */ = {
			isa = PBXGroup;
			children = (
				0A3DA669147E3D9700143ADF /* AppDelegate.h */,
				0A3DA66A147E3D9700143ADF /* AppDelegate.m */,
				0A3DA66C147E3D9700143ADF /* ViewController.h */,
				0A3DA66D147E3D9700143ADF /* ViewController.m */,
				0A3DA66F147E3D9700143ADF /* ViewController.xib */,
				EA5C7F8D1516717B0062E922 /* TableViewController.h */,
				EA5C7F8E1516717B0062E922 /* TableViewController.m */,
				EA5C7F8F1516717B0062E922 /* TableViewController.xib */,
				0A3DA661147E3D9700143ADF /* Supporting Files */,
			);
			path = CPPickerViewDemo;
			sourceTree = "<group>";
		};
		0A3DA661147E3D9700143ADF /* Supporting Files */ = {
			isa = PBXGroup;
			children = (
				0A3DA662147E3D9700143ADF /* CPPickerViewDemo-Info.plist */,
				0A3DA663147E3D9700143ADF /* InfoPlist.strings */,
				0A3DA666147E3D9700143ADF /* main.m */,
				0A3DA668147E3D9700143ADF /* CPPickerViewDemo-Prefix.pch */,
			);
			name = "Supporting Files";
			sourceTree = "<group>";
		};
		0A3DA677147E3DAB00143ADF /* CPPickerView */ = {
			isa = PBXGroup;
			children = (
				EA50133E1516D23C00917CFA /* CPPickerView.h */,
				EA6B58B217930C8500455D55 /* CPPickerView.m */,
				EA5013401516D23C00917CFA /* CPPickerViewCell.h */,
				EA5013411516D23C00917CFA /* CPPickerViewCell.m */,
				EA4BF4761881BA78002CB644 /* Resources */,
			);
			name = CPPickerView;
			path = PickerView;
			sourceTree = "<group>";
		};
		EA4BF4761881BA78002CB644 /* Resources */ = {
			isa = PBXGroup;
			children = (
				EA4BF4701881BA71002CB644 /* shadowOverlay@2x.png */,
				EA4BF4711881BA71002CB644 /* stretchableGlass@2x.png */,
				EA4BF4721881BA71002CB644 /* wheelBackground@2x.png */,
			);
			name = Resources;
			sourceTree = "<group>";
		};
/* End PBXGroup section */

/* Begin PBXNativeTarget section */
		0A3DA655147E3D9700143ADF /* CPPickerViewDemo */ = {
			isa = PBXNativeTarget;
			buildConfigurationList = 0A3DA674147E3D9700143ADF /* Build configuration list for PBXNativeTarget "CPPickerViewDemo" */;
			buildPhases = (
				0A3DA652147E3D9700143ADF /* Sources */,
				0A3DA653147E3D9700143ADF /* Frameworks */,
				EA58F33D1881B90300204A7E /* Resources */,
			);
			buildRules = (
			);
			dependencies = (
			);
			name = CPPickerViewDemo;
			productName = PickerView;
			productReference = 0A3DA656147E3D9700143ADF /* CPPickerViewDemo.app */;
			productType = "com.apple.product-type.application";
		};
/* End PBXNativeTarget section */

/* Begin PBXProject section */
		0A3DA64D147E3D9700143ADF /* Project object */ = {
			isa = PBXProject;
			attributes = {
				LastUpgradeCheck = 0500;
			};
			buildConfigurationList = 0A3DA650147E3D9700143ADF /* Build configuration list for PBXProject "CPPickerViewDemo" */;
			compatibilityVersion = "Xcode 3.2";
			developmentRegion = English;
			hasScannedForEncodings = 0;
			knownRegions = (
				en,
			);
			mainGroup = 0A3DA64B147E3D9700143ADF;
			productRefGroup = 0A3DA657147E3D9700143ADF /* Products */;
			projectDirPath = "";
			projectRoot = "";
			targets = (
				0A3DA655147E3D9700143ADF /* CPPickerViewDemo */,
			);
		};
/* End PBXProject section */

/* Begin PBXResourcesBuildPhase section */
		EA58F33D1881B90300204A7E /* Resources */ = {
			isa = PBXResourcesBuildPhase;
			buildActionMask = 2147483647;
			files = (
				EA58F3411881B91E00204A7E /* ViewController.xib in Resources */,
				EA4BF4741881BA71002CB644 /* stretchableGlass@2x.png in Resources */,
				EA4BF4751881BA71002CB644 /* wheelBackground@2x.png in Resources */,
				EA4BF4731881BA71002CB644 /* shadowOverlay@2x.png in Resources */,
				EA58F3421881B91E00204A7E /* TableViewController.xib in Resources */,
				EA58F3431881B91E00204A7E /* InfoPlist.strings in Resources */,
			);
			runOnlyForDeploymentPostprocessing = 0;
		};
/* End PBXResourcesBuildPhase section */

/* Begin PBXSourcesBuildPhase section */
		0A3DA652147E3D9700143ADF /* Sources */ = {
			isa = PBXSourcesBuildPhase;
			buildActionMask = 2147483647;
			files = (
				EA6B58B41793168E00455D55 /* main.m in Sources */,
				EA6B58B31793166400455D55 /* CPPickerView.m in Sources */,
				0A3DA66B147E3D9700143ADF /* AppDelegate.m in Sources */,
				0A3DA66E147E3D9700143ADF /* ViewController.m in Sources */,
				EA5C7F901516717B0062E922 /* TableViewController.m in Sources */,
				EA5013431516D23C00917CFA /* CPPickerViewCell.m in Sources */,
			);
			runOnlyForDeploymentPostprocessing = 0;
		};
/* End PBXSourcesBuildPhase section */

/* Begin PBXVariantGroup section */
		0A3DA663147E3D9700143ADF /* InfoPlist.strings */ = {
			isa = PBXVariantGroup;
			children = (
				0A3DA664147E3D9700143ADF /* en */,
			);
			name = InfoPlist.strings;
			path = ../CPPickerViewDemo;
			sourceTree = "<group>";
		};
		0A3DA66F147E3D9700143ADF /* ViewController.xib */ = {
			isa = PBXVariantGroup;
			children = (
				0A3DA670147E3D9700143ADF /* en */,
			);
			name = ViewController.xib;
			path = ../CPPickerViewDemo;
			sourceTree = "<group>";
		};
/* End PBXVariantGroup section */

/* Begin XCBuildConfiguration section */
		0A3DA672147E3D9700143ADF /* Debug */ = {
			isa = XCBuildConfiguration;
			buildSettings = {
				ALWAYS_SEARCH_USER_PATHS = NO;
				CLANG_ENABLE_OBJC_ARC = YES;
				CLANG_WARN_BOOL_CONVERSION = YES;
				CLANG_WARN_CONSTANT_CONVERSION = YES;
				CLANG_WARN_EMPTY_BODY = YES;
				CLANG_WARN_ENUM_CONVERSION = YES;
				CLANG_WARN_INT_CONVERSION = YES;
				CLANG_WARN__DUPLICATE_METHOD_MATCH = YES;
				CODE_SIGN_IDENTITY = "";
				"CODE_SIGN_IDENTITY[sdk=iphoneos*]" = "";
				COPY_PHASE_STRIP = NO;
				GCC_C_LANGUAGE_STANDARD = gnu99;
				GCC_DYNAMIC_NO_PIC = NO;
				GCC_OPTIMIZATION_LEVEL = 0;
				GCC_PREPROCESSOR_DEFINITIONS = (
					"DEBUG=1",
					"$(inherited)",
				);
				GCC_SYMBOLS_PRIVATE_EXTERN = NO;
				GCC_THUMB_SUPPORT = NO;
				GCC_VERSION = com.apple.compilers.llvm.clang.1_0;
				GCC_WARN_64_TO_32_BIT_CONVERSION = YES;
				GCC_WARN_ABOUT_MISSING_PROTOTYPES = YES;
				GCC_WARN_ABOUT_RETURN_TYPE = YES;
				GCC_WARN_UNDECLARED_SELECTOR = YES;
				GCC_WARN_UNINITIALIZED_AUTOS = YES;
				GCC_WARN_UNUSED_FUNCTION = YES;
				GCC_WARN_UNUSED_VARIABLE = YES;
				IPHONEOS_DEPLOYMENT_TARGET = 4.0;
				ONLY_ACTIVE_ARCH = YES;
				SDKROOT = iphoneos;
			};
			name = Debug;
		};
		0A3DA673147E3D9700143ADF /* Release */ = {
			isa = XCBuildConfiguration;
			buildSettings = {
				ALWAYS_SEARCH_USER_PATHS = NO;
				CLANG_ENABLE_OBJC_ARC = YES;
				CLANG_WARN_BOOL_CONVERSION = YES;
				CLANG_WARN_CONSTANT_CONVERSION = YES;
				CLANG_WARN_EMPTY_BODY = YES;
				CLANG_WARN_ENUM_CONVERSION = YES;
				CLANG_WARN_INT_CONVERSION = YES;
				CLANG_WARN__DUPLICATE_METHOD_MATCH = YES;
				CODE_SIGN_IDENTITY = "";
				"CODE_SIGN_IDENTITY[sdk=iphoneos*]" = "";
				COPY_PHASE_STRIP = YES;
				GCC_C_LANGUAGE_STANDARD = gnu99;
				GCC_THUMB_SUPPORT = NO;
				GCC_VERSION = com.apple.compilers.llvm.clang.1_0;
				GCC_WARN_64_TO_32_BIT_CONVERSION = YES;
				GCC_WARN_ABOUT_MISSING_PROTOTYPES = YES;
				GCC_WARN_ABOUT_RETURN_TYPE = YES;
				GCC_WARN_UNDECLARED_SELECTOR = YES;
				GCC_WARN_UNINITIALIZED_AUTOS = YES;
				GCC_WARN_UNUSED_FUNCTION = YES;
				GCC_WARN_UNUSED_VARIABLE = YES;
				IPHONEOS_DEPLOYMENT_TARGET = 4.0;
				OTHER_CFLAGS = "-DNS_BLOCK_ASSERTIONS=1";
				SDKROOT = iphoneos;
				VALIDATE_PRODUCT = YES;
			};
			name = Release;
		};
		0A3DA675147E3D9700143ADF /* Debug */ = {
			isa = XCBuildConfiguration;
			buildSettings = {
				CODE_SIGN_IDENTITY = "iPhone Developer";
				"CODE_SIGN_IDENTITY[sdk=iphoneos*]" = "iPhone Developer";
				GCC_PRECOMPILE_PREFIX_HEADER = YES;
				GCC_PREFIX_HEADER = "CPPickerViewDemo/CPPickerViewDemo-Prefix.pch";
				GCC_THUMB_SUPPORT = NO;
				INFOPLIST_FILE = "CPPickerViewDemo/CPPickerViewDemo-Info.plist";
				PRODUCT_NAME = CPPickerViewDemo;
				PROVISIONING_PROFILE = "";
				"PROVISIONING_PROFILE[sdk=iphoneos*]" = "";
				WRAPPER_EXTENSION = app;
			};
			name = Debug;
		};
		0A3DA676147E3D9700143ADF /* Release */ = {
			isa = XCBuildConfiguration;
			buildSettings = {
				CODE_SIGN_IDENTITY = "iPhone Developer";
				"CODE_SIGN_IDENTITY[sdk=iphoneos*]" = "iPhone Developer";
				GCC_PRECOMPILE_PREFIX_HEADER = YES;
				GCC_PREFIX_HEADER = "CPPickerViewDemo/CPPickerViewDemo-Prefix.pch";
				GCC_THUMB_SUPPORT = NO;
				INFOPLIST_FILE = "CPPickerViewDemo/CPPickerViewDemo-Info.plist";
				PRODUCT_NAME = CPPickerViewDemo;
				PROVISIONING_PROFILE = "";
				"PROVISIONING_PROFILE[sdk=iphoneos*]" = "";
				WRAPPER_EXTENSION = app;
			};
			name = Release;
		};
/* End XCBuildConfiguration section */

/* Begin XCConfigurationList section */
		0A3DA650147E3D9700143ADF /* Build configuration list for PBXProject "CPPickerViewDemo" */ = {
			isa = XCConfigurationList;
			buildConfigurations = (
				0A3DA672147E3D9700143ADF /* Debug */,
				0A3DA673147E3D9700143ADF /* Release */,
			);
			defaultConfigurationIsVisible = 0;
			defaultConfigurationName = Release;
		};
		0A3DA674147E3D9700143ADF /* Build configuration list for PBXNativeTarget "CPPickerViewDemo" */ = {
			isa = XCConfigurationList;
			buildConfigurations = (
				0A3DA675147E3D9700143ADF /* Debug */,
				0A3DA676147E3D9700143ADF /* Release */,
			);
			defaultConfigurationIsVisible = 0;
			defaultConfigurationName = Release;
		};
/* End XCConfigurationList section */
	};
	rootObject = 0A3DA64D147E3D9700143ADF /* Project object */;
}
